%{
  "elixir_make": {:hex, :elixir_make, "0.4.0", "992f38fabe705bb45821a728f20914c554b276838433349d4f2341f7a687cddf", [:mix], [], "hexpm", "4549183795460c581fd82010d10862e46bcf796e2039d16c255bad3e408f435d"},
  "geo": {:hex, :geo, "3.3.7", "d0354e099bdecc4138d1e01ac4d5aee8bccdb7cb8c9f840b6eb7b5ebbc328111", [:mix], [{:jason, "~> 1.2", [hex: :jason, repo: "hexpm", optional: true]}], "hexpm", "ec57118fd9de27c52d4a046e75ee6f0ecb1cdc28cab03642228ed1aa09bb30bc"},
}
